{
  "requires": true,
  "lockfileVersion": 1,
  "dependencies": {
    "lodash": {
      "version": "2.4.2",
      "resolved": "https://registry.npmjs.org/lodash/-/lodash-2.4.2.tgz",
      "integrity": "sha1-+t2DS5aDBz2hebPq5tnA0VBT9z4="
    },
    "serveless": {
      "version": "0.0.2",
      "resolved": "https://registry.npmjs.org/serveless/-/serveless-0.0.2.tgz",
      "integrity": "sha1-3NeZby9CTlFuq36b2o5ZyVWHAEo=",
      "requires": {
        "lodash": "^2.4.0"
      }
    }
  }
}
